
Microsoft Visual Studio Solution File, Format Version 12.00
# Visual Studio 14
VisualStudioVersion = 14.0.25420.1
MinimumVisualStudioVersion = 10.0.40219.1
Project("{FAE04EC0-301F-11D3-BF4B-00C04F79EFBC}") = "exercise3", "exercise3\exercise3.csproj", "{04E26CFE-F010-4247-8C04-9EEF1B3C2360}"
EndProject
Project("{FAE04EC0-301F-11D3-BF4B-00C04F79EFBC}") = "Grades.Tests", "Grades.Tests\Grades.Tests.csproj", "{48A11A8E-2F2D-46A6-B728-D14B3F1A2B7B}"
EndProject
Global
	GlobalSection(SolutionConfigurationPlatforms) = preSolution
		Debug|Any CPU = Debug|Any CPU
		Release|Any CPU = Release|Any CPU
	EndGlobalSection
	GlobalSection(ProjectConfigurationPlatforms) = postSolution
		{04E26CFE-F010-4247-8C04-9EEF1B3C2360}.Debug|Any CPU.ActiveCfg = Debug|Any CPU
		{04E26CFE-F010-4247-8C04-9EEF1B3C2360}.Debug|Any CPU.Build.0 = Debug|Any CPU
		{04E26CFE-F010-4247-8C04-9EEF1B3C2360}.Release|Any CPU.ActiveCfg = Release|Any CPU
		{04E26CFE-F010-4247-8C04-9EEF1B3C2360}.Release|Any CPU.Build.0 = Release|Any CPU
		{48A11A8E-2F2D-46A6-B728-D14B3F1A2B7B}.Debug|Any CPU.ActiveCfg = Debug|Any CPU
		{48A11A8E-2F2D-46A6-B728-D14B3F1A2B7B}.Debug|Any CPU.Build.0 = Debug|Any CPU
		{48A11A8E-2F2D-46A6-B728-D14B3F1A2B7B}.Release|Any CPU.ActiveCfg = Release|Any CPU
		{48A11A8E-2F2D-46A6-B728-D14B3F1A2B7B}.Release|Any CPU.Build.0 = Release|Any CPU
	EndGlobalSection
	GlobalSection(SolutionProperties) = preSolution
		HideSolutionNode = FALSE
	EndGlobalSection
EndGlobal
